
Microsoft Visual Studio Solution File, Format Version 12.00
# Visual Studio Version 16
VisualStudioVersion = 16.0.31005.135
MinimumVisualStudioVersion = 10.0.40219.1
Project("{FAE04EC0-301F-11D3-BF4B-00C04F79EFBC}") = "TemplateMod", "TemplateMod\TemplateMod.csproj", "{9618A247-EA53-4146-9CBB-4EC4639AF5FF}"
EndProject
Project("{FAE04EC0-301F-11D3-BF4B-00C04F79EFBC}") = "LowGravity", "LowGravity\LowGravity.csproj", "{BE7BFC44-1CA4-48F8-B292-F21983880B57}"
EndProject
Global
	GlobalSection(SolutionConfigurationPlatforms) = preSolution
		Debug|Any CPU = Debug|Any CPU
		Release|Any CPU = Release|Any CPU
	EndGlobalSection
	GlobalSection(ProjectConfigurationPlatforms) = postSolution
		{9618A247-EA53-4146-9CBB-4EC4639AF5FF}.Debug|Any CPU.ActiveCfg = Debug|Any CPU
		{9618A247-EA53-4146-9CBB-4EC4639AF5FF}.Debug|Any CPU.Build.0 = Debug|Any CPU
		{9618A247-EA53-4146-9CBB-4EC4639AF5FF}.Release|Any CPU.ActiveCfg = Release|Any CPU
		{9618A247-EA53-4146-9CBB-4EC4639AF5FF}.Release|Any CPU.Build.0 = Release|Any CPU
		{BE7BFC44-1CA4-48F8-B292-F21983880B57}.Debug|Any CPU.ActiveCfg = Debug|Any CPU
		{BE7BFC44-1CA4-48F8-B292-F21983880B57}.Debug|Any CPU.Build.0 = Debug|Any CPU
		{BE7BFC44-1CA4-48F8-B292-F21983880B57}.Release|Any CPU.ActiveCfg = Release|Any CPU
		{BE7BFC44-1CA4-48F8-B292-F21983880B57}.Release|Any CPU.Build.0 = Release|Any CPU
	EndGlobalSection
	GlobalSection(SolutionProperties) = preSolution
		HideSolutionNode = FALSE
	EndGlobalSection
	GlobalSection(ExtensibilityGlobals) = postSolution
		SolutionGuid = {B4B98EBF-44E6-419D-9CCD-BFF742271D56}
	EndGlobalSection
EndGlobal
